{
    "_meta": {
        "hash": {
            "sha256": "2191765bbe33bbb56229efbac65ca7d5bfbd6e4cfb36e9c5a56c49977a91f084"
        },
        "pipfile-spec": 6,
        "requires": {},
        "sources": [
            {
                "name": "pypi",
                "url": "https://pypi.org/simple",
                "verify_ssl": true
            }
        ]
    },
    "default": {
        "atari-py": {
            "hashes": [
                "sha256:3cd3f506a4cac680908501def3d3b79ab2b705993d7cbaead35468b26f2c585b",
                "sha256:5a621d623e1619fe2d8607ed4ceaf0bafbae54fea42c3bf3e1522410893ef933",
                "sha256:6249ad5079b0489e87eb44e65485bb1b07cc1b5af729f1ee52ece749503ceb1d",
                "sha256:64059ae02ac9d90cc43654c748c30d2ef69dd57b0d9e4b59039a420d688814a2",
                "sha256:ac3315c7a1d6cfb09f043e7971598cb53a749393b150614986a0eab28b049aea",
                "sha256:ae2f07e0a5de22d465fef8313b3ecfa1fec7f36e17b5204819e855413e6214de",
                "sha256:b04033186cd9c7764108627ecd38a5c9be14546b46875b90c6bb5d66451d28c1",
                "sha256:d9e2c25d39783867c2f29d1dd9d3a659fc56036456d07dc9efe8bd7bb31a07d7",
                "sha256:f6c3ae01f7a2bb331236383fbd47046a40a9fa3bf48e31dc96bbc75c107749b7"
            ],
            "version": "==0.2.6"
        },
        "backcall": {
            "hashes": [
                "sha256:38ecd85be2c1e78f77fd91700c76e14667dc21e2713b63876c0eb901196e01e4",
                "sha256:bbbf4b1e5cd2bdb08f915895b51081c041bac22394fdfcfdfbe9f14b77c08bf2"
            ],
            "version": "==0.1.0"
        },
        "click": {
            "hashes": [
                "sha256:2335065e6395b9e67ca716de5f7526736bfa6ceead690adf616d925bdc622b13",
                "sha256:5b94b49521f6456670fdb30cd82a4eca9412788a93fa6dd6df72c94d5a8ff2d7"
            ],
            "version": "==7.0"
        },
        "cloudpickle": {
            "hashes": [
                "sha256:922401d7140e133253ff5fab4faa4a1166416066453a783b00b507dca93f8859",
                "sha256:f3ef2c9d438f1553ce7795afb18c1f190d8146132496169ef6aa9b7b65caa4c3"
            ],
            "version": "==1.2.2"
        },
        "colorama": {
            "hashes": [
                "sha256:05eed71e2e327246ad6b38c540c4a3117230b19679b875190486ddd2d721422d",
                "sha256:f8ac84de7840f5b9c4e3347b3c1eaa50f7e49c2b07596221daec5edaabbd7c48"
            ],
            "version": "==0.4.1"
        },
        "decorator": {
            "hashes": [
                "sha256:54c38050039232e1db4ad7375cfce6748d7b41c29e95a081c8a6d2c30364a2ce",
                "sha256:5d19b92a3c8f7f101c8dd86afd86b0f061a8ce4540ab8cd401fa2542756bce6d"
            ],
            "version": "==4.4.1"
        },
        "future": {
            "hashes": [
                "sha256:b1bead90b70cf6ec3f0710ae53a525360fa360d306a86583adc6bf83a4db537d"
            ],
            "version": "==0.18.2"
        },
        "gitdb2": {
            "hashes": [
                "sha256:1b6df1433567a51a4a9c1a5a0de977aa351a405cc56d7d35f3388bad1f630350",
                "sha256:96bbb507d765a7f51eb802554a9cfe194a174582f772e0d89f4e87288c288b7b"
            ],
            "version": "==2.0.6"
        },
        "gitpython": {
            "hashes": [
                "sha256:9c2398ffc3dcb3c40b27324b316f08a4f93ad646d5a6328cafbb871aa79f5e42",
                "sha256:c155c6a2653593ccb300462f6ef533583a913e17857cfef8fc617c246b6dc245"
            ],
            "version": "==3.0.5"
        },
        "gym": {
            "extras": [
                "atari"
            ],
            "hashes": [
                "sha256:3b930cbe1c76bbd30455b5e82ba723dea94159a5f988e927f443324bf7cc7ddd"
            ],
            "version": "==0.15.4"
        },
        "importlib-metadata": {
            "hashes": [
                "sha256:aa18d7378b00b40847790e7c27e11673d7fed219354109d0e7b9e5b25dc3ad26",
                "sha256:d5f18a79777f3aa179c145737780282e27b508fc8fd688cb17c7a813e8bd39af"
            ],
            "index": "pypi",
            "version": "==0.23"
        },
        "ipython": {
            "hashes": [
                "sha256:dfd303b270b7b5232b3d08bd30ec6fd685d8a58cabd54055e3d69d8f029f7280",
                "sha256:ed7ebe1cba899c1c3ccad6f7f1c2d2369464cc77dba8eebc65e2043e19cda995"
            ],
            "version": "==7.9.0"
        },
        "ipython-genutils": {
            "hashes": [
                "sha256:72dd37233799e619666c9f639a9da83c34013a73e8bbc79a7a6348d93c61fab8",
                "sha256:eb2e116e75ecef9d4d228fdc66af54269afa26ab4463042e33785b887c628ba8"
            ],
            "version": "==0.2.0"
        },
        "jedi": {
            "hashes": [
                "sha256:786b6c3d80e2f06fd77162a07fed81b8baa22dde5d62896a790a331d6ac21a27",
                "sha256:ba859c74fa3c966a22f2aeebe1b74ee27e2a462f56d3f5f7ca4a59af61bfe42e"
            ],
            "version": "==0.15.1"
        },
        "more-itertools": {
            "hashes": [
                "sha256:409cd48d4db7052af495b09dec721011634af3753ae1ef92d2b32f73a745f832",
                "sha256:92b8c4b06dac4f0611c0729b2f2ede52b2e1bac1ab48f089c7ddc12e26bb60c4"
            ],
            "version": "==7.2.0"
        },
        "numpy": {
            "hashes": [
                "sha256:0a7a1dd123aecc9f0076934288ceed7fd9a81ba3919f11a855a7887cbe82a02f",
                "sha256:0c0763787133dfeec19904c22c7e358b231c87ba3206b211652f8cbe1241deb6",
                "sha256:3d52298d0be333583739f1aec9026f3b09fdfe3ddf7c7028cb16d9d2af1cca7e",
                "sha256:43bb4b70585f1c2d153e45323a886839f98af8bfa810f7014b20be714c37c447",
                "sha256:475963c5b9e116c38ad7347e154e5651d05a2286d86455671f5b1eebba5feb76",
                "sha256:64874913367f18eb3013b16123c9fed113962e75d809fca5b78ebfbb73ed93ba",
                "sha256:683828e50c339fc9e68720396f2de14253992c495fdddef77a1e17de55f1decc",
                "sha256:6ca4000c4a6f95a78c33c7dadbb9495c10880be9c89316aa536eac359ab820ae",
                "sha256:75fd817b7061f6378e4659dd792c84c0b60533e867f83e0d1e52d5d8e53df88c",
                "sha256:7d81d784bdbed30137aca242ab307f3e65c8d93f4c7b7d8f322110b2e90177f9",
                "sha256:8d0af8d3664f142414fd5b15cabfd3b6cc3ef242a3c7a7493257025be5a6955f",
                "sha256:9679831005fb16c6df3dd35d17aa31dc0d4d7573d84f0b44cc481490a65c7725",
                "sha256:a8f67ebfae9f575d85fa859b54d3bdecaeece74e3274b0b5c5f804d7ca789fe1",
                "sha256:acbf5c52db4adb366c064d0b7c7899e3e778d89db585feadd23b06b587d64761",
                "sha256:ada4805ed51f5bcaa3a06d3dd94939351869c095e30a2b54264f5a5004b52170",
                "sha256:c7354e8f0eca5c110b7e978034cd86ed98a7a5ffcf69ca97535445a595e07b8e",
                "sha256:e2e9d8c87120ba2c591f60e32736b82b67f72c37ba88a4c23c81b5b8fa49c018",
                "sha256:e467c57121fe1b78a8f68dd9255fbb3bb3f4f7547c6b9e109f31d14569f490c3",
                "sha256:ede47b98de79565fcd7f2decb475e2dcc85ee4097743e551fe26cfc7eb3ff143",
                "sha256:f58913e9227400f1395c7b800503ebfdb0772f1c33ff8cb4d6451c06cabdf316",
                "sha256:fe39f5fd4103ec4ca3cb8600b19216cd1ff316b4990f4c0b6057ad982c0a34d5"
            ],
            "version": "==1.17.4"
        },
        "opencv-python": {
            "hashes": [
                "sha256:01505b131dc35f60e99a5da98b77156e37f872ae0ff5596e5e68d526bb572d3c",
                "sha256:0478a1037505ddde312806c960a5e8958d2cf7a2885e8f2f5dde74c4028e0b04",
                "sha256:17810b89f9ef8e8537e75332acf533e619e26ccadbf1b73f24bf338f2d327ddd",
                "sha256:19ad2ea9fb32946761b47b9d6eed51876a8329da127f27788263fecd66651ba0",
                "sha256:1a250edb739baf3e7c25d99a2ee252aac4f59a97e0bee39237eaa490fd0281d3",
                "sha256:3505468970448f66cd776cb9e179570c87988f94b5cf9bcbc4c2d88bd88bbdf1",
                "sha256:4e04a91da157885359f487534433340b2d709927559c80acf62c28167e59be02",
                "sha256:5a49cffcdec5e37217672579c3343565926d999642844efa9c6a031ed5f32318",
                "sha256:604b2ce3d4a86480ced0813da7fba269b4605ad9fea26cd2144d8077928d4b49",
                "sha256:61cbb8fa9565a0480c46028599431ad8f19181a7fac8070a700515fd54cd7377",
                "sha256:62d7c6e511c9454f099616315c695d02a584048e1affe034b39160db7a2ae34d",
                "sha256:6555272dd9efd412d17cdc1a4f4c2da5753c099d95d9ff01aca54bb9782fb5cf",
                "sha256:67d994c6b2b14cb9239e85dc7dfa6c08ef7cf6eb4def80c0af6141dfacc8cbb9",
                "sha256:68c9cbe538666c4667523821cc56caee49389bea06bae4c0fc2cd68bd264226a",
                "sha256:822ad8f628a9498f569c57d30865f5ef9ee17824cee0a1d456211f742028c135",
                "sha256:82d972429eb4fee22c1dc4204af2a2e981f010e5e4f66daea2a6c68381b79184",
                "sha256:9128924f5b58269ee221b8cf2d736f31bd3bb0391b92ee8504caadd68c8176a2",
                "sha256:9172cf8270572c494d8b2ae12ef87c0f6eed9d132927e614099f76843b0c91d7",
                "sha256:952bce4d30a8287b17721ddaad7f115dab268efee8576249ddfede80ec2ce404",
                "sha256:a8147718e70b1f170a3d26518e992160137365a4db0ed82a9efd3040f9f660d4",
                "sha256:bfdb636a3796ff223460ea0fcfda906b3b54f4bef22ae433a5b67e66fab00b25",
                "sha256:c9c3f27867153634e1083390920067008ebaaab78aeb09c4e0274e69746cb2c8",
                "sha256:d69be21973d450a4662ae6bd1b3df6b1af030e448d7276380b0d1adf7c8c2ae6",
                "sha256:db1479636812a6579a3753b72a6fefaa73190f32bf7b19e483f8bc750cebe1a5",
                "sha256:db8313d755962a7dd61e5c22a651e0743208adfdb255c6ec8904ce9cb02940c6",
                "sha256:e4625a6b032e7797958aeb630d6e3e91e3896d285020aae612e6d7b342d6dfea",
                "sha256:e8397a26966a1290836a52c34b362aabc65a422b9ffabcbbdec1862f023ccab8"
            ],
            "version": "==4.1.1.26"
        },
        "pandas": {
            "hashes": [
                "sha256:00dff3a8e337f5ed7ad295d98a31821d3d0fe7792da82d78d7fd79b89c03ea9d",
                "sha256:22361b1597c8c2ffd697aa9bf85423afa9e1fcfa6b1ea821054a244d5f24d75e",
                "sha256:255920e63850dc512ce356233081098554d641ba99c3767dde9e9f35630f994b",
                "sha256:26382aab9c119735908d94d2c5c08020a4a0a82969b7e5eefb92f902b3b30ad7",
                "sha256:33970f4cacdd9a0ddb8f21e151bfb9f178afb7c36eb7c25b9094c02876f385c2",
                "sha256:4545467a637e0e1393f7d05d61dace89689ad6d6f66f267f86fff737b702cce9",
                "sha256:52da74df8a9c9a103af0a72c9d5fdc8e0183a90884278db7f386b5692a2220a4",
                "sha256:61741f5aeb252f39c3031d11405305b6d10ce663c53bc3112705d7ad66c013d0",
                "sha256:6a3ac2c87e4e32a969921d1428525f09462770c349147aa8e9ab95f88c71ec71",
                "sha256:7458c48e3d15b8aaa7d575be60e1e4dd70348efcd9376656b72fecd55c59a4c3",
                "sha256:78bf638993219311377ce9836b3dc05f627a666d0dbc8cec37c0ff3c9ada673b",
                "sha256:8153705d6545fd9eb6dd2bc79301bff08825d2e2f716d5dced48daafc2d0b81f",
                "sha256:975c461accd14e89d71772e89108a050fa824c0b87a67d34cedf245f6681fc17",
                "sha256:9962957a27bfb70ab64103d0a7b42fa59c642fb4ed4cb75d0227b7bb9228535d",
                "sha256:adc3d3a3f9e59a38d923e90e20c4922fc62d1e5a03d083440468c6d8f3f1ae0a",
                "sha256:bbe3eb765a0b1e578833d243e2814b60c825b7fdbf4cdfe8e8aae8a08ed56ecf",
                "sha256:df8864824b1fe488cf778c3650ee59c3a0d8f42e53707de167ba6b4f7d35f133",
                "sha256:e45055c30a608076e31a9fcd780a956ed3b1fa20db61561b8d88b79259f526f7",
                "sha256:ee50c2142cdcf41995655d499a157d0a812fce55c97d9aad13bc1eef837ed36c"
            ],
            "version": "==0.25.3"
        },
        "parso": {
            "hashes": [
                "sha256:63854233e1fadb5da97f2744b6b24346d2750b85965e7e399bec1620232797dc",
                "sha256:666b0ee4a7a1220f65d367617f2cd3ffddff3e205f3f16a0284df30e774c2a9c"
            ],
            "version": "==0.5.1"
        },
        "pexpect": {
            "hashes": [
                "sha256:2094eefdfcf37a1fdbfb9aa090862c1a4878e5c7e0e7e7088bdb511c558e5cd1",
                "sha256:9e2c1fd0e6ee3a49b28f95d4b33bc389c89b20af6a1255906e90ff1262ce62eb"
            ],
            "markers": "sys_platform != 'win32'",
            "version": "==4.7.0"
        },
        "pickleshare": {
            "hashes": [
                "sha256:87683d47965c1da65cdacaf31c8441d12b8044cdec9aca500cd78fc2c683afca",
                "sha256:9649af414d74d4df115d5d718f82acb59c9d418196b7b4290ed47a12ce62df56"
            ],
            "version": "==0.7.5"
        },
        "pillow": {
            "hashes": [
                "sha256:047d9473cf68af50ac85f8ee5d5f21a60f849bc17d348da7fc85711287a75031",
                "sha256:0f66dc6c8a3cc319561a633b6aa82c44107f12594643efa37210d8c924fc1c71",
                "sha256:12c9169c4e8fe0a7329e8658c7e488001f6b4c8e88740e76292c2b857af2e94c",
                "sha256:248cffc168896982f125f5c13e9317c059f74fffdb4152893339f3be62a01340",
                "sha256:27faf0552bf8c260a5cee21a76e031acaea68babb64daf7e8f2e2540745082aa",
                "sha256:285edafad9bc60d96978ed24d77cdc0b91dace88e5da8c548ba5937c425bca8b",
                "sha256:384b12c9aa8ef95558abdcb50aada56d74bc7cc131dd62d28c2d0e4d3aadd573",
                "sha256:38950b3a707f6cef09cd3cbb142474357ad1a985ceb44d921bdf7b4647b3e13e",
                "sha256:4aad1b88933fd6dc2846552b89ad0c74ddbba2f0884e2c162aa368374bf5abab",
                "sha256:4ac6148008c169603070c092e81f88738f1a0c511e07bd2bb0f9ef542d375da9",
                "sha256:4deb1d2a45861ae6f0b12ea0a786a03d19d29edcc7e05775b85ec2877cb54c5e",
                "sha256:59aa2c124df72cc75ed72c8d6005c442d4685691a30c55321e00ed915ad1a291",
                "sha256:5a47d2123a9ec86660fe0e8d0ebf0aa6bc6a17edc63f338b73ea20ba11713f12",
                "sha256:5cc901c2ab9409b4b7ac7b5bcc3e86ac14548627062463da0af3b6b7c555a871",
                "sha256:6c1db03e8dff7b9f955a0fb9907eb9ca5da75b5ce056c0c93d33100a35050281",
                "sha256:7ce80c0a65a6ea90ef9c1f63c8593fcd2929448613fc8da0adf3e6bfad669d08",
                "sha256:809c19241c14433c5d6135e1b6c72da4e3b56d5c865ad5736ab99af8896b8f41",
                "sha256:83792cb4e0b5af480588601467c0764242b9a483caea71ef12d22a0d0d6bdce2",
                "sha256:846fa202bd7ee0f6215c897a1d33238ef071b50766339186687bd9b7a6d26ac5",
                "sha256:9f5529fc02009f96ba95bea48870173426879dc19eec49ca8e08cd63ecd82ddb",
                "sha256:a423c2ea001c6265ed28700df056f75e26215fd28c001e93ef4380b0f05f9547",
                "sha256:ac4428094b42907aba5879c7c000d01c8278d451a3b7cccd2103e21f6397ea75",
                "sha256:b1ae48d87f10d1384e5beecd169c77502fcc04a2c00a4c02b85f0a94b419e5f9",
                "sha256:bf4e972a88f8841d8fdc6db1a75e0f8d763e66e3754b03006cbc3854d89f1cb1",
                "sha256:c6414f6aad598364aaf81068cabb077894eb88fed99c6a65e6e8217bab62ae7a",
                "sha256:c710fcb7ee32f67baf25aa9ffede4795fd5d93b163ce95fdc724383e38c9df96",
                "sha256:c7be4b8a09852291c3c48d3c25d1b876d2494a0a674980089ac9d5e0d78bd132",
                "sha256:c9e5ffb910b14f090ac9c38599063e354887a5f6d7e6d26795e916b4514f2c1a",
                "sha256:e0697b826da6c2472bb6488db4c0a7fa8af0d52fa08833ceb3681358914b14e5",
                "sha256:e9a3edd5f714229d41057d56ac0f39ad9bdba6767e8c888c951869f0bdd129b0"
            ],
            "version": "==6.2.1"
        },
        "prompt-toolkit": {
            "hashes": [
                "sha256:46642344ce457641f28fc9d1c9ca939b63dadf8df128b86f1b9860e59c73a5e4",
                "sha256:e7f8af9e3d70f514373bf41aa51bc33af12a6db3f71461ea47fea985defb2c31",
                "sha256:f15af68f66e664eaa559d4ac8a928111eebd5feda0c11738b5998045224829db"
            ],
            "version": "==2.0.10"
        },
        "ptyprocess": {
            "hashes": [
                "sha256:923f299cc5ad920c68f2bc0bc98b75b9f838b93b599941a6b63ddbc2476394c0",
                "sha256:d7cc528d76e76342423ca640335bd3633420dc1366f258cb31d05e865ef5ca1f"
            ],
            "version": "==0.6.0"
        },
        "pyglet": {
            "hashes": [
                "sha256:8b07aea16f34ac861cffd06a0c17723ca944d172e577b57b21859b7990709a66",
                "sha256:b00570e7cdf6971af8953b6ece50d83d13272afa5d1f1197c58c0f478dd17743"
            ],
            "version": "==1.3.2"
        },
        "pygments": {
            "hashes": [
                "sha256:71e430bc85c88a430f000ac1d9b331d2407f681d6f6aec95e8bcfbc3df5b0127",
                "sha256:881c4c157e45f30af185c1ffe8d549d48ac9127433f2c380c24b84572ad66297"
            ],
            "version": "==2.4.2"
        },
        "python-dateutil": {
            "hashes": [
                "sha256:73ebfe9dbf22e832286dafa60473e4cd239f8592f699aa5adaf10050e6e1823c",
                "sha256:75bb3f31ea686f1197762692a9ee6a7550b59fc6ca3a1f4b5d7e32fb98e2da2a"
            ],
            "version": "==2.8.1"
        },
        "pytz": {
            "hashes": [
                "sha256:1c557d7d0e871de1f5ccd5833f60fb2550652da6be2693c1e02300743d21500d",
                "sha256:b02c06db6cf09c12dd25137e563b31700d3b80fcc4ad23abb7a315f2789819be"
            ],
            "version": "==2019.3"
        },
        "rainy": {
            "editable": true,
            "extras": [
                "ipython"
            ],
            "path": "."
        },
        "scipy": {
            "hashes": [
                "sha256:0359576d8cc058bd615999cf985e2423dc6cc824666d60e8b8d4810569a04655",
                "sha256:07673b5b96dbe28c88f3a53ca9af67f802aa853de7402e31f473b4dd6501c799",
                "sha256:0f81e71149539ac09053a3f9165659367b060eceef3bbde11e6600e1c341f1f2",
                "sha256:125aa82f7b3d4bd7f77fed6c3c6e31be47e33f129d829799569389ae59f913e7",
                "sha256:2dc26e5b3eb86b7adad506b6b04020f6a87e1102c9acd039e937d28bdcee7fa6",
                "sha256:2e4b5fdb635dd425bf46fbd6381612692d3c795f1eb6fe62410305a440691d46",
                "sha256:33ac3213ee617bbc0eac84d02b130d69093ed7738afb281dfdeb12a9dbdf1530",
                "sha256:34c48d922760782732d6f8f4532e320984d1280763c6787c6582021d34c8ad79",
                "sha256:3f556f63e070e9596624e42e99d23b259d8f0fc63ec093bef97a9f1c579565b2",
                "sha256:470d8fc76ccab6cfff60a9de4ce316a23ee7f63615d948c7446dc7c1bb45042d",
                "sha256:4ad7a3ae9831d2085d6f50b81bfcd76368293eafdf31f4ac9f109c6061309c24",
                "sha256:61812a7db0d9bc3f13653e52b8ddb1935cf444ec55f39160fc2778aeb2719057",
                "sha256:7a0477929e6f9d5928fe81fe75d00b7da9545a49109e66028d85848b18aeef99",
                "sha256:9c3221039da50f3b60da70b65d6b020ea26cefbb097116cfec696010432d1f6c",
                "sha256:a03939b431994289f39373c57bbe452974a7da724ae7f9620a1beee575434da4",
                "sha256:df4dbd3d40db3f667e0145dba5f50954bf28b2dd5b8b400c79d5e3fe8cb67ce2",
                "sha256:e837c8068bd1929a533e9d51562faf6584ddb5303d9e218d8c11aa4719dcd617",
                "sha256:ecfd45ca0ce1d6c13bef17794b4052cc9a9574f4be8d44c9bcfd7e34294bd2d7",
                "sha256:ee5888c62cd83c9bf9927ffcee08434e7d5c81a8f31e5b85af5470e511022c08",
                "sha256:f018892621b787b9abf76d51d1f0c21611c71752ebb1891ccf7992e0bf973708",
                "sha256:f2d5db81d90d14a32d4aff920f52fca5639bcaaaf87b4f61bce83a1d238f49fc"
            ],
            "version": "==1.3.2"
        },
        "six": {
            "hashes": [
                "sha256:1f1b7d42e254082a9db6279deae68afb421ceba6158efa6131de7b3003ee93fd",
                "sha256:30f610279e8b2578cab6db20741130331735c781b56053c59c4076da27f06b66"
            ],
            "version": "==1.13.0"
        },
        "smmap2": {
            "hashes": [
                "sha256:0555a7bf4df71d1ef4218e4807bbf9b201f910174e6e08af2e138d4e517b4dde",
                "sha256:29a9ffa0497e7f2be94ca0ed1ca1aa3cd4cf25a1f6b4f5f87f74b46ed91d609a"
            ],
            "version": "==2.0.5"
        },
        "torch": {
            "hashes": [
                "sha256:0cec2e13a2e95c24c34f17d437f354ee2a40902e8d515a524556b350e12555dd",
                "sha256:134e8291a97151b1ffeea09cb9ddde5238beb4e6d9dfb66657143d6990bfb865",
                "sha256:31062923ac2e60eac676f6a0ae14702b051c158bbcf7f440eaba266b0defa197",
                "sha256:3b05233481b51bb636cee63dc761bb7f602e198178782ff4159d385d1759608b",
                "sha256:458f1d87e5b7064b2c39e36675d84e163be3143dd2fc806057b7878880c461bc",
                "sha256:72a1c85bffd2154f085bc0a1d378d8a54e55a57d49664b874fe7c949022bf071",
                "sha256:77fd8866c0bf529861ffd850a5dada2190a8d9c5167719fb0cfa89163e23b143",
                "sha256:b6f01d851d1c5989d4a99b50ae0187762b15b7718dcd1a33704b665daa2402f9",
                "sha256:d8e1d904a6193ed14a4fed220b00503b2baa576e71471286d1ebba899c851fae"
            ],
            "index": "pypi",
            "version": "==1.3.1"
        },
        "traitlets": {
            "hashes": [
                "sha256:70b4c6a1d9019d7b4f6846832288f86998aa3b9207c6821f3578a6a6a467fe44",
                "sha256:d023ee369ddd2763310e4c3eae1ff649689440d4ae59d7485eb4cfbbe3e359f7"
            ],
            "version": "==4.3.3"
        },
        "wcwidth": {
            "hashes": [
                "sha256:3df37372226d6e63e1b1e1eda15c594bca98a22d33a23832a90998faa96bc65e",
                "sha256:f4ebe71925af7b40a864553f761ed559b43544f8f71746c2d756c7fe788ade7c"
            ],
            "version": "==0.1.7"
        },
        "zipp": {
            "hashes": [
                "sha256:3718b1cbcd963c7d4c5511a8240812904164b7f381b647143a89d3b98f9bcd8e",
                "sha256:f06903e9f1f43b12d371004b4ac7b06ab39a44adc747266928ae6debfa7b3335"
            ],
            "version": "==0.6.0"
        }
    },
    "develop": {
        "atomicwrites": {
            "hashes": [
                "sha256:03472c30eb2c5d1ba9227e4c2ca66ab8287fbfbbda3888aa93dc2e28fc6811b4",
                "sha256:75a9445bac02d8d058d5e1fe689654ba5a6556a1dfd8ce6ec55a0ed79866cfa6"
            ],
            "version": "==1.3.0"
        },
        "attrs": {
            "hashes": [
                "sha256:08a96c641c3a74e44eb59afb61a24f2cb9f4d7188748e76ba4bb5edfa3cb7d1c",
                "sha256:f7b7ce16570fe9965acd6d30101a28f62fb4a7f9e926b3bbc9b61f8b04247e72"
            ],
            "version": "==19.3.0"
        },
        "importlib-metadata": {
            "hashes": [
                "sha256:aa18d7378b00b40847790e7c27e11673d7fed219354109d0e7b9e5b25dc3ad26",
                "sha256:d5f18a79777f3aa179c145737780282e27b508fc8fd688cb17c7a813e8bd39af"
            ],
            "index": "pypi",
            "version": "==0.23"
        },
        "more-itertools": {
            "hashes": [
                "sha256:409cd48d4db7052af495b09dec721011634af3753ae1ef92d2b32f73a745f832",
                "sha256:92b8c4b06dac4f0611c0729b2f2ede52b2e1bac1ab48f089c7ddc12e26bb60c4"
            ],
            "version": "==7.2.0"
        },
        "pluggy": {
            "hashes": [
                "sha256:0db4b7601aae1d35b4a033282da476845aa19185c1e6964b25cf324b5e4ec3e6",
                "sha256:fa5fa1622fa6dd5c030e9cad086fa19ef6a0cf6d7a2d12318e10cb49d6d68f34"
            ],
            "version": "==0.13.0"
        },
        "py": {
            "hashes": [
                "sha256:64f65755aee5b381cea27766a3a147c3f15b9b6b9ac88676de66ba2ae36793fa",
                "sha256:dc639b046a6e2cff5bbe40194ad65936d6ba360b52b3c3fe1d08a82dd50b5e53"
            ],
            "version": "==1.8.0"
        },
        "pybullet": {
            "hashes": [
                "sha256:82a235a8fe3c8dee753d765c295ff0da92bcb5096209d26a0cfc3f5c6054e374"
            ],
            "index": "pypi",
            "version": "==2.5.7"
        },
        "pytest": {
            "hashes": [
                "sha256:3f193df1cfe1d1609d4c583838bea3d532b18d6160fd3f55c9447fdca30848ec",
                "sha256:e246cf173c01169b9617fc07264b7b1316e78d7a650055235d6d897bc80d9660"
            ],
            "index": "pypi",
            "version": "==3.10.1"
        },
        "six": {
            "hashes": [
                "sha256:1f1b7d42e254082a9db6279deae68afb421ceba6158efa6131de7b3003ee93fd",
                "sha256:30f610279e8b2578cab6db20741130331735c781b56053c59c4076da27f06b66"
            ],
            "version": "==1.13.0"
        },
        "zipp": {
            "hashes": [
                "sha256:3718b1cbcd963c7d4c5511a8240812904164b7f381b647143a89d3b98f9bcd8e",
                "sha256:f06903e9f1f43b12d371004b4ac7b06ab39a44adc747266928ae6debfa7b3335"
            ],
            "version": "==0.6.0"
        }
    }
}
